
Microsoft Visual Studio Solution File, Format Version 12.00
# Visual Studio Version 17
VisualStudioVersion = 17.4.33103.184
MinimumVisualStudioVersion = 10.0.40219.1
Project("{8BC9CEB8-8B4A-11D0-8D11-00A0C91BC942}") = "2739", "2739\2739.vcxproj", "{4BDAA8D5-EE80-48E3-BA96-893AA4D03EF0}"
EndProject
Project("{8BC9CEB8-8B4A-11D0-8D11-00A0C91BC942}") = "10950", "10950\10950.vcxproj", "{3F5F4EA7-EADE-496F-9E95-74478FFD19E2}"
EndProject
Project("{8BC9CEB8-8B4A-11D0-8D11-00A0C91BC942}") = "8393", "8393\8393.vcxproj", "{41AC3C8D-8D9C-404D-B367-FB3B309F079E}"
EndProject
Project("{8BC9CEB8-8B4A-11D0-8D11-00A0C91BC942}") = "25304", "25304\25304.vcxproj", "{947A9D0D-A1CE-48F6-9439-0F90E44505D9}"
EndProject
Project("{8BC9CEB8-8B4A-11D0-8D11-00A0C91BC942}") = "15552", "15552\15552.vcxproj", "{E41DE41E-2898-49A7-9D1A-076232968F1B}"
EndProject
Project("{8BC9CEB8-8B4A-11D0-8D11-00A0C91BC942}") = "11021", "11021\11021.vcxproj", "{8E04C394-D6F6-4449-877A-3CDF8C17BD81}"
EndProject
Project("{8BC9CEB8-8B4A-11D0-8D11-00A0C91BC942}") = "11022", "11022\11022.vcxproj", "{42C110B8-FD67-42DA-B108-F8E6151F6B90}"
EndProject
Project("{8BC9CEB8-8B4A-11D0-8D11-00A0C91BC942}") = "10952", "10952\10952.vcxproj", "{42C265A5-F475-4A94-9A44-AB98DFD736CF}"
EndProject
Project("{8BC9CEB8-8B4A-11D0-8D11-00A0C91BC942}") = "10951", "10951\10951.vcxproj", "{2253631C-FCC5-45E0-B0DE-032319BF984C}"
EndProject
Global
	GlobalSection(SolutionConfigurationPlatforms) = preSolution
		Debug|x64 = Debug|x64
		Debug|x86 = Debug|x86
		Release|x64 = Release|x64
		Release|x86 = Release|x86
	EndGlobalSection
	GlobalSection(ProjectConfigurationPlatforms) = postSolution
		{4BDAA8D5-EE80-48E3-BA96-893AA4D03EF0}.Debug|x64.ActiveCfg = Debug|x64
		{4BDAA8D5-EE80-48E3-BA96-893AA4D03EF0}.Debug|x64.Build.0 = Debug|x64
		{4BDAA8D5-EE80-48E3-BA96-893AA4D03EF0}.Debug|x86.ActiveCfg = Debug|Win32
		{4BDAA8D5-EE80-48E3-BA96-893AA4D03EF0}.Debug|x86.Build.0 = Debug|Win32
		{4BDAA8D5-EE80-48E3-BA96-893AA4D03EF0}.Release|x64.ActiveCfg = Release|x64
		{4BDAA8D5-EE80-48E3-BA96-893AA4D03EF0}.Release|x64.Build.0 = Release|x64
		{4BDAA8D5-EE80-48E3-BA96-893AA4D03EF0}.Release|x86.ActiveCfg = Release|Win32
		{4BDAA8D5-EE80-48E3-BA96-893AA4D03EF0}.Release|x86.Build.0 = Release|Win32
		{3F5F4EA7-EADE-496F-9E95-74478FFD19E2}.Debug|x64.ActiveCfg = Debug|x64
		{3F5F4EA7-EADE-496F-9E95-74478FFD19E2}.Debug|x64.Build.0 = Debug|x64
		{3F5F4EA7-EADE-496F-9E95-74478FFD19E2}.Debug|x86.ActiveCfg = Debug|Win32
		{3F5F4EA7-EADE-496F-9E95-74478FFD19E2}.Debug|x86.Build.0 = Debug|Win32
		{3F5F4EA7-EADE-496F-9E95-74478FFD19E2}.Release|x64.ActiveCfg = Release|x64
		{3F5F4EA7-EADE-496F-9E95-74478FFD19E2}.Release|x64.Build.0 = Release|x64
		{3F5F4EA7-EADE-496F-9E95-74478FFD19E2}.Release|x86.ActiveCfg = Release|Win32
		{3F5F4EA7-EADE-496F-9E95-74478FFD19E2}.Release|x86.Build.0 = Release|Win32
		{41AC3C8D-8D9C-404D-B367-FB3B309F079E}.Debug|x64.ActiveCfg = Debug|x64
		{41AC3C8D-8D9C-404D-B367-FB3B309F079E}.Debug|x64.Build.0 = Debug|x64
		{41AC3C8D-8D9C-404D-B367-FB3B309F079E}.Debug|x86.ActiveCfg = Debug|Win32
		{41AC3C8D-8D9C-404D-B367-FB3B309F079E}.Debug|x86.Build.0 = Debug|Win32
		{41AC3C8D-8D9C-404D-B367-FB3B309F079E}.Release|x64.ActiveCfg = Release|x64
		{41AC3C8D-8D9C-404D-B367-FB3B309F079E}.Release|x64.Build.0 = Release|x64
		{41AC3C8D-8D9C-404D-B367-FB3B309F079E}.Release|x86.ActiveCfg = Release|Win32
		{41AC3C8D-8D9C-404D-B367-FB3B309F079E}.Release|x86.Build.0 = Release|Win32
		{947A9D0D-A1CE-48F6-9439-0F90E44505D9}.Debug|x64.ActiveCfg = Debug|x64
		{947A9D0D-A1CE-48F6-9439-0F90E44505D9}.Debug|x64.Build.0 = Debug|x64
		{947A9D0D-A1CE-48F6-9439-0F90E44505D9}.Debug|x86.ActiveCfg = Debug|Win32
		{947A9D0D-A1CE-48F6-9439-0F90E44505D9}.Debug|x86.Build.0 = Debug|Win32
		{947A9D0D-A1CE-48F6-9439-0F90E44505D9}.Release|x64.ActiveCfg = Release|x64
		{947A9D0D-A1CE-48F6-9439-0F90E44505D9}.Release|x64.Build.0 = Release|x64
		{947A9D0D-A1CE-48F6-9439-0F90E44505D9}.Release|x86.ActiveCfg = Release|Win32
		{947A9D0D-A1CE-48F6-9439-0F90E44505D9}.Release|x86.Build.0 = Release|Win32
		{E41DE41E-2898-49A7-9D1A-076232968F1B}.Debug|x64.ActiveCfg = Debug|x64
		{E41DE41E-2898-49A7-9D1A-076232968F1B}.Debug|x64.Build.0 = Debug|x64
		{E41DE41E-2898-49A7-9D1A-076232968F1B}.Debug|x86.ActiveCfg = Debug|Win32
		{E41DE41E-2898-49A7-9D1A-076232968F1B}.Debug|x86.Build.0 = Debug|Win32
		{E41DE41E-2898-49A7-9D1A-076232968F1B}.Release|x64.ActiveCfg = Release|x64
		{E41DE41E-2898-49A7-9D1A-076232968F1B}.Release|x64.Build.0 = Release|x64
		{E41DE41E-2898-49A7-9D1A-076232968F1B}.Release|x86.ActiveCfg = Release|Win32
		{E41DE41E-2898-49A7-9D1A-076232968F1B}.Release|x86.Build.0 = Release|Win32
		{8E04C394-D6F6-4449-877A-3CDF8C17BD81}.Debug|x64.ActiveCfg = Debug|x64
		{8E04C394-D6F6-4449-877A-3CDF8C17BD81}.Debug|x64.Build.0 = Debug|x64
		{8E04C394-D6F6-4449-877A-3CDF8C17BD81}.Debug|x86.ActiveCfg = Debug|Win32
		{8E04C394-D6F6-4449-877A-3CDF8C17BD81}.Debug|x86.Build.0 = Debug|Win32
		{8E04C394-D6F6-4449-877A-3CDF8C17BD81}.Release|x64.ActiveCfg = Release|x64
		{8E04C394-D6F6-4449-877A-3CDF8C17BD81}.Release|x64.Build.0 = Release|x64
		{8E04C394-D6F6-4449-877A-3CDF8C17BD81}.Release|x86.ActiveCfg = Release|Win32
		{8E04C394-D6F6-4449-877A-3CDF8C17BD81}.Release|x86.Build.0 = Release|Win32
		{42C110B8-FD67-42DA-B108-F8E6151F6B90}.Debug|x64.ActiveCfg = Debug|x64
		{42C110B8-FD67-42DA-B108-F8E6151F6B90}.Debug|x64.Build.0 = Debug|x64
		{42C110B8-FD67-42DA-B108-F8E6151F6B90}.Debug|x86.ActiveCfg = Debug|Win32
		{42C110B8-FD67-42DA-B108-F8E6151F6B90}.Debug|x86.Build.0 = Debug|Win32
		{42C110B8-FD67-42DA-B108-F8E6151F6B90}.Release|x64.ActiveCfg = Release|x64
		{42C110B8-FD67-42DA-B108-F8E6151F6B90}.Release|x64.Build.0 = Release|x64
		{42C110B8-FD67-42DA-B108-F8E6151F6B90}.Release|x86.ActiveCfg = Release|Win32
		{42C110B8-FD67-42DA-B108-F8E6151F6B90}.Release|x86.Build.0 = Release|Win32
		{42C265A5-F475-4A94-9A44-AB98DFD736CF}.Debug|x64.ActiveCfg = Debug|x64
		{42C265A5-F475-4A94-9A44-AB98DFD736CF}.Debug|x64.Build.0 = Debug|x64
		{42C265A5-F475-4A94-9A44-AB98DFD736CF}.Debug|x86.ActiveCfg = Debug|Win32
		{42C265A5-F475-4A94-9A44-AB98DFD736CF}.Debug|x86.Build.0 = Debug|Win32
		{42C265A5-F475-4A94-9A44-AB98DFD736CF}.Release|x64.ActiveCfg = Release|x64
		{42C265A5-F475-4A94-9A44-AB98DFD736CF}.Release|x64.Build.0 = Release|x64
		{42C265A5-F475-4A94-9A44-AB98DFD736CF}.Release|x86.ActiveCfg = Release|Win32
		{42C265A5-F475-4A94-9A44-AB98DFD736CF}.Release|x86.Build.0 = Release|Win32
		{2253631C-FCC5-45E0-B0DE-032319BF984C}.Debug|x64.ActiveCfg = Debug|x64
		{2253631C-FCC5-45E0-B0DE-032319BF984C}.Debug|x64.Build.0 = Debug|x64
		{2253631C-FCC5-45E0-B0DE-032319BF984C}.Debug|x86.ActiveCfg = Debug|Win32
		{2253631C-FCC5-45E0-B0DE-032319BF984C}.Debug|x86.Build.0 = Debug|Win32
		{2253631C-FCC5-45E0-B0DE-032319BF984C}.Release|x64.ActiveCfg = Release|x64
		{2253631C-FCC5-45E0-B0DE-032319BF984C}.Release|x64.Build.0 = Release|x64
		{2253631C-FCC5-45E0-B0DE-032319BF984C}.Release|x86.ActiveCfg = Release|Win32
		{2253631C-FCC5-45E0-B0DE-032319BF984C}.Release|x86.Build.0 = Release|Win32
	EndGlobalSection
	GlobalSection(SolutionProperties) = preSolution
		HideSolutionNode = FALSE
	EndGlobalSection
	GlobalSection(ExtensibilityGlobals) = postSolution
		SolutionGuid = {30C94A4F-B5A6-4BB1-AC64-D3FF718FA927}
	EndGlobalSection
EndGlobal
